
Microsoft Visual Studio Solution File, Format Version 12.00
# Visual Studio Version 17
VisualStudioVersion = 17.9.34607.119
MinimumVisualStudioVersion = 10.0.40219.1
Project("{888888A0-9F3D-457C-B088-3A5042F75D52}") = "Python Play Project", "Python Play Project.pyproj", "{B4596E99-CE36-49DF-BBBB-4B6FD6377AD8}"
EndProject
Global
	GlobalSection(SolutionConfigurationPlatforms) = preSolution
		Debug|Any CPU = Debug|Any CPU
		Release|Any CPU = Release|Any CPU
	EndGlobalSection
	GlobalSection(ProjectConfigurationPlatforms) = postSolution
		{B4596E99-CE36-49DF-BBBB-4B6FD6377AD8}.Debug|Any CPU.ActiveCfg = Debug|Any CPU
		{B4596E99-CE36-49DF-BBBB-4B6FD6377AD8}.Release|Any CPU.ActiveCfg = Release|Any CPU
	EndGlobalSection
	GlobalSection(SolutionProperties) = preSolution
		HideSolutionNode = FALSE
	EndGlobalSection
	GlobalSection(ExtensibilityGlobals) = postSolution
		SolutionGuid = {DE4B16F3-B93D-439F-A7B0-8F0A25E6E254}
	EndGlobalSection
EndGlobal
